
Microsoft Visual Studio Solution File, Format Version 12.00
# Visual Studio Version 16
VisualStudioVersion = 16.0.30611.23
MinimumVisualStudioVersion = 10.0.40219.1
Project("{FAE04EC0-301F-11D3-BF4B-00C04F79EFBC}") = "Group19Project", "Group19Project\Group19Project.csproj", "{FB17E4A6-736D-4965-AD6E-CB6B21001609}"
EndProject
Global
	GlobalSection(SolutionConfigurationPlatforms) = preSolution
		Debug|Any CPU = Debug|Any CPU
		Release|Any CPU = Release|Any CPU
	EndGlobalSection
	GlobalSection(ProjectConfigurationPlatforms) = postSolution
		{FB17E4A6-736D-4965-AD6E-CB6B21001609}.Debug|Any CPU.ActiveCfg = Debug|Any CPU
		{FB17E4A6-736D-4965-AD6E-CB6B21001609}.Debug|Any CPU.Build.0 = Debug|Any CPU
		{FB17E4A6-736D-4965-AD6E-CB6B21001609}.Release|Any CPU.ActiveCfg = Release|Any CPU
		{FB17E4A6-736D-4965-AD6E-CB6B21001609}.Release|Any CPU.Build.0 = Release|Any CPU
	EndGlobalSection
	GlobalSection(SolutionProperties) = preSolution
		HideSolutionNode = FALSE
	EndGlobalSection
	GlobalSection(ExtensibilityGlobals) = postSolution
		SolutionGuid = {A1AEBDDC-B856-448E-A4FC-1DABA4A484FF}
	EndGlobalSection
EndGlobal
